
Microsoft Visual Studio Solution File, Format Version 12.00
# Visual Studio Version 17
VisualStudioVersion = 17.2.32616.157
MinimumVisualStudioVersion = 10.0.40219.1
Project("{FAE04EC0-301F-11D3-BF4B-00C04F79EFBC}") = "RentaInmuebles", "RentaInmuebles\RentaInmuebles.csproj", "{67A6B8CA-F47A-4E6E-90B3-409DDFC6183A}"
EndProject
Global
	GlobalSection(SolutionConfigurationPlatforms) = preSolution
		Debug|Any CPU = Debug|Any CPU
		Release|Any CPU = Release|Any CPU
	EndGlobalSection
	GlobalSection(ProjectConfigurationPlatforms) = postSolution
		{67A6B8CA-F47A-4E6E-90B3-409DDFC6183A}.Debug|Any CPU.ActiveCfg = Debug|Any CPU
		{67A6B8CA-F47A-4E6E-90B3-409DDFC6183A}.Debug|Any CPU.Build.0 = Debug|Any CPU
		{67A6B8CA-F47A-4E6E-90B3-409DDFC6183A}.Release|Any CPU.ActiveCfg = Release|Any CPU
		{67A6B8CA-F47A-4E6E-90B3-409DDFC6183A}.Release|Any CPU.Build.0 = Release|Any CPU
	EndGlobalSection
	GlobalSection(SolutionProperties) = preSolution
		HideSolutionNode = FALSE
	EndGlobalSection
	GlobalSection(ExtensibilityGlobals) = postSolution
		SolutionGuid = {5C687DBC-422C-4393-B22F-B8F868B56327}
	EndGlobalSection
EndGlobal
